
Microsoft Visual Studio Solution File, Format Version 12.00
# Visual Studio Version 16
VisualStudioVersion = 16.0.30320.27
MinimumVisualStudioVersion = 10.0.40219.1
Project("{FAE04EC0-301F-11D3-BF4B-00C04F79EFBC}") = "CalculationLib", "CalculationLib\CalculationLib.csproj", "{B3B01F36-76EE-409F-999F-D5C8BF9093B2}"
EndProject
Project("{FAE04EC0-301F-11D3-BF4B-00C04F79EFBC}") = "CalculationApp", "CulculationApp\CalculationApp.csproj", "{AAC466FD-9E14-4603-AFC5-9B9F0DD58666}"
EndProject
Global
	GlobalSection(SolutionConfigurationPlatforms) = preSolution
		Debug|Any CPU = Debug|Any CPU
		Release|Any CPU = Release|Any CPU
	EndGlobalSection
	GlobalSection(ProjectConfigurationPlatforms) = postSolution
		{B3B01F36-76EE-409F-999F-D5C8BF9093B2}.Debug|Any CPU.ActiveCfg = Debug|Any CPU
		{B3B01F36-76EE-409F-999F-D5C8BF9093B2}.Debug|Any CPU.Build.0 = Debug|Any CPU
		{B3B01F36-76EE-409F-999F-D5C8BF9093B2}.Release|Any CPU.ActiveCfg = Release|Any CPU
		{B3B01F36-76EE-409F-999F-D5C8BF9093B2}.Release|Any CPU.Build.0 = Release|Any CPU
		{AAC466FD-9E14-4603-AFC5-9B9F0DD58666}.Debug|Any CPU.ActiveCfg = Debug|Any CPU
		{AAC466FD-9E14-4603-AFC5-9B9F0DD58666}.Debug|Any CPU.Build.0 = Debug|Any CPU
		{AAC466FD-9E14-4603-AFC5-9B9F0DD58666}.Release|Any CPU.ActiveCfg = Release|Any CPU
		{AAC466FD-9E14-4603-AFC5-9B9F0DD58666}.Release|Any CPU.Build.0 = Release|Any CPU
	EndGlobalSection
	GlobalSection(SolutionProperties) = preSolution
		HideSolutionNode = FALSE
	EndGlobalSection
	GlobalSection(ExtensibilityGlobals) = postSolution
		SolutionGuid = {ED533BF6-BF0E-4BC4-9FFF-843A6195DF14}
	EndGlobalSection
EndGlobal
